
Microsoft Visual Studio Solution File, Format Version 12.00
# Visual Studio Version 16
VisualStudioVersion = 16.0.32510.428
MinimumVisualStudioVersion = 10.0.40219.1
Project("{FAE04EC0-301F-11D3-BF4B-00C04F79EFBC}") = "ALGOCORESimulator", "ALGOCORESimulator\ALGOCORESimulator.csproj", "{B328257A-6A4B-420F-BF64-64BF7440BB84}"
EndProject
Global
	GlobalSection(SolutionConfigurationPlatforms) = preSolution
		Debug|Any CPU = Debug|Any CPU
		Release|Any CPU = Release|Any CPU
	EndGlobalSection
	GlobalSection(ProjectConfigurationPlatforms) = postSolution
		{B328257A-6A4B-420F-BF64-64BF7440BB84}.Debug|Any CPU.ActiveCfg = Debug|Any CPU
		{B328257A-6A4B-420F-BF64-64BF7440BB84}.Debug|Any CPU.Build.0 = Debug|Any CPU
		{B328257A-6A4B-420F-BF64-64BF7440BB84}.Release|Any CPU.ActiveCfg = Release|Any CPU
		{B328257A-6A4B-420F-BF64-64BF7440BB84}.Release|Any CPU.Build.0 = Release|Any CPU
	EndGlobalSection
	GlobalSection(SolutionProperties) = preSolution
		HideSolutionNode = FALSE
	EndGlobalSection
	GlobalSection(ExtensibilityGlobals) = postSolution
		SolutionGuid = {310AF16E-BFB7-4E5C-BFD6-774B1996680B}
	EndGlobalSection
EndGlobal
